
Microsoft Visual Studio Solution File, Format Version 12.00
# Visual Studio Version 17
VisualStudioVersion = 17.1.32407.343
MinimumVisualStudioVersion = 10.0.40219.1
Project("{FAE04EC0-301F-11D3-BF4B-00C04F79EFBC}") = "AdoLight", "AdoLight\AdoLight.csproj", "{49BDCBAC-61FD-4097-A952-C61F8087247D}"
EndProject
Project("{FAE04EC0-301F-11D3-BF4B-00C04F79EFBC}") = "AdoLightTest", "AdoLightTest\AdoLightTest.csproj", "{138D61D8-EACE-4186-B3A3-3527BADFBAA7}"
EndProject
Global
	GlobalSection(SolutionConfigurationPlatforms) = preSolution
		Debug|Any CPU = Debug|Any CPU
		Release|Any CPU = Release|Any CPU
	EndGlobalSection
	GlobalSection(ProjectConfigurationPlatforms) = postSolution
		{49BDCBAC-61FD-4097-A952-C61F8087247D}.Debug|Any CPU.ActiveCfg = Debug|Any CPU
		{49BDCBAC-61FD-4097-A952-C61F8087247D}.Debug|Any CPU.Build.0 = Debug|Any CPU
		{49BDCBAC-61FD-4097-A952-C61F8087247D}.Release|Any CPU.ActiveCfg = Release|Any CPU
		{49BDCBAC-61FD-4097-A952-C61F8087247D}.Release|Any CPU.Build.0 = Release|Any CPU
		{138D61D8-EACE-4186-B3A3-3527BADFBAA7}.Debug|Any CPU.ActiveCfg = Debug|Any CPU
		{138D61D8-EACE-4186-B3A3-3527BADFBAA7}.Debug|Any CPU.Build.0 = Debug|Any CPU
		{138D61D8-EACE-4186-B3A3-3527BADFBAA7}.Release|Any CPU.ActiveCfg = Release|Any CPU
		{138D61D8-EACE-4186-B3A3-3527BADFBAA7}.Release|Any CPU.Build.0 = Release|Any CPU
	EndGlobalSection
	GlobalSection(SolutionProperties) = preSolution
		HideSolutionNode = FALSE
	EndGlobalSection
	GlobalSection(ExtensibilityGlobals) = postSolution
		SolutionGuid = {474010AC-98A9-465C-885D-ADF9383DEB2F}
	EndGlobalSection
EndGlobal
